
Microsoft Visual Studio Solution File, Format Version 12.00
# Visual Studio Version 17
VisualStudioVersion = 17.2.32630.192
MinimumVisualStudioVersion = 10.0.40219.1
Project("{2150E333-8FDC-42A3-9474-1A3956D46DE8}") = "Services", "Services", "{B4DABA67-8C78-4C58-9BAB-02B6A66694CA}"
EndProject
Project("{9A19103F-16F7-4668-BE54-9A1E7A4F7556}") = "LanAdmin_Service", "Services\LanAdmin_Service\LanAdmin_Service.csproj", "{543C1D26-A51F-4962-9963-5948E768368D}"
EndProject
Project("{FAE04EC0-301F-11D3-BF4B-00C04F79EFBC}") = "LanAdmin", "LanAdmin\LanAdmin.csproj", "{3C7DE81B-A818-44E9-96C9-155923BBFE59}"
EndProject
Project("{FAE04EC0-301F-11D3-BF4B-00C04F79EFBC}") = "LanAdmin_GUI", "LanAdmin_GUI\LanAdmin_GUI.csproj", "{A0FC5727-314D-464D-A9B8-DE9DA1314B4F}"
EndProject
Project("{2150E333-8FDC-42A3-9474-1A3956D46DE8}") = "Packages", "Packages", "{7E5D9789-C5D2-454A-A009-ADF86A796487}"
EndProject
Project("{FAE04EC0-301F-11D3-BF4B-00C04F79EFBC}") = "LanAdminPackage_Template", "Packages\LanAdminPackage_Tester\LanAdminPackage_Template.csproj", "{4BE72801-E75F-4B20-B5E0-23F50058A338}"
EndProject
Global
	GlobalSection(SolutionConfigurationPlatforms) = preSolution
		Debug|Any CPU = Debug|Any CPU
		Release|Any CPU = Release|Any CPU
	EndGlobalSection
	GlobalSection(ProjectConfigurationPlatforms) = postSolution
		{543C1D26-A51F-4962-9963-5948E768368D}.Debug|Any CPU.ActiveCfg = Debug|Any CPU
		{543C1D26-A51F-4962-9963-5948E768368D}.Debug|Any CPU.Build.0 = Debug|Any CPU
		{543C1D26-A51F-4962-9963-5948E768368D}.Release|Any CPU.ActiveCfg = Release|Any CPU
		{543C1D26-A51F-4962-9963-5948E768368D}.Release|Any CPU.Build.0 = Release|Any CPU
		{3C7DE81B-A818-44E9-96C9-155923BBFE59}.Debug|Any CPU.ActiveCfg = Debug|Any CPU
		{3C7DE81B-A818-44E9-96C9-155923BBFE59}.Debug|Any CPU.Build.0 = Debug|Any CPU
		{3C7DE81B-A818-44E9-96C9-155923BBFE59}.Release|Any CPU.ActiveCfg = Release|Any CPU
		{3C7DE81B-A818-44E9-96C9-155923BBFE59}.Release|Any CPU.Build.0 = Release|Any CPU
		{A0FC5727-314D-464D-A9B8-DE9DA1314B4F}.Debug|Any CPU.ActiveCfg = Debug|Any CPU
		{A0FC5727-314D-464D-A9B8-DE9DA1314B4F}.Debug|Any CPU.Build.0 = Debug|Any CPU
		{A0FC5727-314D-464D-A9B8-DE9DA1314B4F}.Release|Any CPU.ActiveCfg = Release|Any CPU
		{A0FC5727-314D-464D-A9B8-DE9DA1314B4F}.Release|Any CPU.Build.0 = Release|Any CPU
		{4BE72801-E75F-4B20-B5E0-23F50058A338}.Debug|Any CPU.ActiveCfg = Debug|Any CPU
		{4BE72801-E75F-4B20-B5E0-23F50058A338}.Debug|Any CPU.Build.0 = Debug|Any CPU
		{4BE72801-E75F-4B20-B5E0-23F50058A338}.Release|Any CPU.ActiveCfg = Release|Any CPU
		{4BE72801-E75F-4B20-B5E0-23F50058A338}.Release|Any CPU.Build.0 = Release|Any CPU
	EndGlobalSection
	GlobalSection(SolutionProperties) = preSolution
		HideSolutionNode = FALSE
	EndGlobalSection
	GlobalSection(NestedProjects) = preSolution
		{543C1D26-A51F-4962-9963-5948E768368D} = {B4DABA67-8C78-4C58-9BAB-02B6A66694CA}
		{4BE72801-E75F-4B20-B5E0-23F50058A338} = {7E5D9789-C5D2-454A-A009-ADF86A796487}
	EndGlobalSection
	GlobalSection(ExtensibilityGlobals) = postSolution
		SolutionGuid = {64BF938C-BAB6-4C5A-80D8-600DD20B7575}
	EndGlobalSection
EndGlobal
